
Microsoft Visual Studio Solution File, Format Version 12.00
# Visual Studio Version 16
VisualStudioVersion = 16.0.31613.86
MinimumVisualStudioVersion = 10.0.40219.1
Project("{FAE04EC0-301F-11D3-BF4B-00C04F79EFBC}") = "WindowsFormsApp1", "WindowsFormsApp1\WindowsFormsApp1.csproj", "{147444E5-8BC3-4CEB-9EF8-F427473B9697}"
EndProject
Global
	GlobalSection(SolutionConfigurationPlatforms) = preSolution
		Debug|Any CPU = Debug|Any CPU
		Release|Any CPU = Release|Any CPU
	EndGlobalSection
	GlobalSection(ProjectConfigurationPlatforms) = postSolution
		{147444E5-8BC3-4CEB-9EF8-F427473B9697}.Debug|Any CPU.ActiveCfg = Debug|Any CPU
		{147444E5-8BC3-4CEB-9EF8-F427473B9697}.Debug|Any CPU.Build.0 = Debug|Any CPU
		{147444E5-8BC3-4CEB-9EF8-F427473B9697}.Release|Any CPU.ActiveCfg = Release|Any CPU
		{147444E5-8BC3-4CEB-9EF8-F427473B9697}.Release|Any CPU.Build.0 = Release|Any CPU
	EndGlobalSection
	GlobalSection(SolutionProperties) = preSolution
		HideSolutionNode = FALSE
	EndGlobalSection
	GlobalSection(ExtensibilityGlobals) = postSolution
		SolutionGuid = {426653D1-098B-48D2-BDE0-076B17E9BE82}
	EndGlobalSection
EndGlobal
